
Microsoft Visual Studio Solution File, Format Version 12.00
# Visual Studio Version 16
VisualStudioVersion = 16.0.29509.3
MinimumVisualStudioVersion = 10.0.40219.1
Project("{FAE04EC0-301F-11D3-BF4B-00C04F79EFBC}") = "VehicleInventory", "VehicleInventory\VehicleInventory.csproj", "{EE409BFF-65A6-424A-8CA4-EA3EAA5C001E}"
EndProject
Global
	GlobalSection(SolutionConfigurationPlatforms) = preSolution
		Debug|Any CPU = Debug|Any CPU
		Release|Any CPU = Release|Any CPU
	EndGlobalSection
	GlobalSection(ProjectConfigurationPlatforms) = postSolution
		{EE409BFF-65A6-424A-8CA4-EA3EAA5C001E}.Debug|Any CPU.ActiveCfg = Debug|Any CPU
		{EE409BFF-65A6-424A-8CA4-EA3EAA5C001E}.Debug|Any CPU.Build.0 = Debug|Any CPU
		{EE409BFF-65A6-424A-8CA4-EA3EAA5C001E}.Release|Any CPU.ActiveCfg = Release|Any CPU
		{EE409BFF-65A6-424A-8CA4-EA3EAA5C001E}.Release|Any CPU.Build.0 = Release|Any CPU
	EndGlobalSection
	GlobalSection(SolutionProperties) = preSolution
		HideSolutionNode = FALSE
	EndGlobalSection
	GlobalSection(ExtensibilityGlobals) = postSolution
		SolutionGuid = {3238D989-8479-4AF6-8CAC-B7E26B020D2E}
	EndGlobalSection
EndGlobal
